{
  "pins" : [
    {
      "identity" : "public-ios-xcuisdk",
      "kind" : "remoteSourceControl",
      "location" : "https://github.com/GetEvinced/public-ios-xcuisdk.git",
      "state" : {
        "revision" : "878a44d6bef753f34c0579cdc4788da9167a1785",
        "version" : "1.12.0"
      }
    }
  ],
  "version" : 2
}
